id: torchdsp_torch_add_cc
label: UTOPIA Add
category: '[torchdsp]'

templates:
  imports: import torchdsp
  make: torchdsp.torch_add_cc(${num_inputs}, ${device_num})

parameters:
- id: device_num
  label: "CUDA Device #"
  dtype: int
  value: 0
- id: num_inputs
  label: "# Inputs"
  dtype: int
  value: 2

inputs:
- label: in0
  domain: stream
  dtype: complex
  vlen: 1
  multiplicity: ${ num_inputs }

outputs:
- label: out
  domain: stream
  dtype: complex
  vlen: 1



file_format: 1
