id: torchdsp_triton_beamform_cc
label: Triton Beamform
category: '[torchdsp]'

templates:
  imports: import torchdsp
  make: torchdsp.triton_block("${"beamform_cc_cpu_openvino" if device == 'cpu' else "beamform_cc_gpu"}", ${max_batch_size}, ${triton_url}, [32000, 32], [8])

parameters:
- id: triton_url
  label: "Triton URL"
  dtype: string
  default: "localhost:8000"
- id: device
  label: "Device"
  dtype: enum
  options: [cpu, gpu]
  default: 'cpu'
- id: max_batch_size
  label: "Max Batch Size"
  dtype: int
  default: 4096

inputs:
- label: in0
  domain: stream
  dtype: complex
  vlen: 4000
- label: weights
  domain: stream
  dtype: complex
  vlen: 4

outputs:
- label: out
  domain: stream
  dtype: complex

file_format: 1
